
Microsoft Visual Studio Solution File, Format Version 12.00
# Visual Studio Version 17
VisualStudioVersion = 17.5.33502.453
MinimumVisualStudioVersion = 10.0.40219.1
Project("{9A19103F-16F7-4668-BE54-9A1E7A4F7556}") = "Revisao1", "Revisao1.csproj", "{6BD09D9E-F509-4EC6-95E9-C8CC8076FB26}"
EndProject
Project("{2150E333-8FDC-42A3-9474-1A3956D46DE8}") = "1 - API", "1 - API", "{258BF1F7-9452-4FD4-A424-C687940E5DE0}"
EndProject
Project("{2150E333-8FDC-42A3-9474-1A3956D46DE8}") = "2 - Domain", "2 - Domain", "{0D3489B7-63F6-4518-929F-E3230E3F2BB0}"
EndProject
Project("{2150E333-8FDC-42A3-9474-1A3956D46DE8}") = "3 - Application", "3 - Application", "{B6BB60EE-2BD2-43E3-B0C5-99096214662E}"
EndProject
Project("{2150E333-8FDC-42A3-9474-1A3956D46DE8}") = "4 - Data", "4 - Data", "{91C28D27-5169-4EAF-BAD6-71A337289C58}"
EndProject
Project("{9A19103F-16F7-4668-BE54-9A1E7A4F7556}") = "Revisao1.Domain", "..\Revisao1.Domain\Revisao1.Domain.csproj", "{656ED1CF-77B4-40A1-980D-EA39D2856B65}"
EndProject
Project("{9A19103F-16F7-4668-BE54-9A1E7A4F7556}") = "Revisao1.Application", "..\Revisao1.Service\Revisao1.Application.csproj", "{A52F4F6C-EA0A-4788-900E-E75395BAEBE1}"
EndProject
Project("{9A19103F-16F7-4668-BE54-9A1E7A4F7556}") = "Revisao1.Data", "..\Revisao1.Data\Revisao1.Data.csproj", "{CEAE905C-85D1-4FED-AE31-10BFBD527363}"
EndProject
Global
	GlobalSection(SolutionConfigurationPlatforms) = preSolution
		Debug|Any CPU = Debug|Any CPU
		Release|Any CPU = Release|Any CPU
	EndGlobalSection
	GlobalSection(ProjectConfigurationPlatforms) = postSolution
		{6BD09D9E-F509-4EC6-95E9-C8CC8076FB26}.Debug|Any CPU.ActiveCfg = Debug|Any CPU
		{6BD09D9E-F509-4EC6-95E9-C8CC8076FB26}.Debug|Any CPU.Build.0 = Debug|Any CPU
		{6BD09D9E-F509-4EC6-95E9-C8CC8076FB26}.Release|Any CPU.ActiveCfg = Release|Any CPU
		{6BD09D9E-F509-4EC6-95E9-C8CC8076FB26}.Release|Any CPU.Build.0 = Release|Any CPU
		{656ED1CF-77B4-40A1-980D-EA39D2856B65}.Debug|Any CPU.ActiveCfg = Debug|Any CPU
		{656ED1CF-77B4-40A1-980D-EA39D2856B65}.Debug|Any CPU.Build.0 = Debug|Any CPU
		{656ED1CF-77B4-40A1-980D-EA39D2856B65}.Release|Any CPU.ActiveCfg = Release|Any CPU
		{656ED1CF-77B4-40A1-980D-EA39D2856B65}.Release|Any CPU.Build.0 = Release|Any CPU
		{A52F4F6C-EA0A-4788-900E-E75395BAEBE1}.Debug|Any CPU.ActiveCfg = Debug|Any CPU
		{A52F4F6C-EA0A-4788-900E-E75395BAEBE1}.Debug|Any CPU.Build.0 = Debug|Any CPU
		{A52F4F6C-EA0A-4788-900E-E75395BAEBE1}.Release|Any CPU.ActiveCfg = Release|Any CPU
		{A52F4F6C-EA0A-4788-900E-E75395BAEBE1}.Release|Any CPU.Build.0 = Release|Any CPU
		{CEAE905C-85D1-4FED-AE31-10BFBD527363}.Debug|Any CPU.ActiveCfg = Debug|Any CPU
		{CEAE905C-85D1-4FED-AE31-10BFBD527363}.Debug|Any CPU.Build.0 = Debug|Any CPU
		{CEAE905C-85D1-4FED-AE31-10BFBD527363}.Release|Any CPU.ActiveCfg = Release|Any CPU
		{CEAE905C-85D1-4FED-AE31-10BFBD527363}.Release|Any CPU.Build.0 = Release|Any CPU
	EndGlobalSection
	GlobalSection(SolutionProperties) = preSolution
		HideSolutionNode = FALSE
	EndGlobalSection
	GlobalSection(NestedProjects) = preSolution
		{6BD09D9E-F509-4EC6-95E9-C8CC8076FB26} = {258BF1F7-9452-4FD4-A424-C687940E5DE0}
		{656ED1CF-77B4-40A1-980D-EA39D2856B65} = {0D3489B7-63F6-4518-929F-E3230E3F2BB0}
		{A52F4F6C-EA0A-4788-900E-E75395BAEBE1} = {B6BB60EE-2BD2-43E3-B0C5-99096214662E}
		{CEAE905C-85D1-4FED-AE31-10BFBD527363} = {91C28D27-5169-4EAF-BAD6-71A337289C58}
	EndGlobalSection
	GlobalSection(ExtensibilityGlobals) = postSolution
		SolutionGuid = {467B72DA-3BA6-409F-8205-6106469EA7CA}
	EndGlobalSection
EndGlobal
